<?xml version="1.0" encoding="utf-8"?>
<Project ToolsVersion="4.0" xmlns="http://schemas.microsoft.com/developer/msbuild/2003">
  <ItemGroup>
    <Filter Include="소스 파일">
      <UniqueIdentifier>{4FC737F1-C7A5-4376-A066-2A32D752A2FF}</UniqueIdentifier>
      <Extensions>cpp;c;cc;cxx;def;odl;idl;hpj;bat;asm;asmx</Extensions>
    </Filter>
    <Filter Include="소스 파일\백준">
      <UniqueIdentifier>{e12d68cf-dff0-4685-bdd8-62c682f372ee}</UniqueIdentifier>
    </Filter>
    <Filter Include="소스 파일\프로그래머스">
      <UniqueIdentifier>{4bb85b95-f332-437e-befd-1ce943df5c3b}</UniqueIdentifier>
    </Filter>
    <Filter Include="소스 파일\코드업">
      <UniqueIdentifier>{4000c6f5-455b-4972-a9b4-02efdb2f011a}</UniqueIdentifier>
    </Filter>
    <Filter Include="소스 파일\동빈나">
      <UniqueIdentifier>{42499b88-7a89-48f5-8a2f-093f11da80b7}</UniqueIdentifier>
    </Filter>
  </ItemGroup>
  <ItemGroup>
    <ClCompile Include="ATM.cpp">
      <Filter>소스 파일\백준</Filter>
    </ClCompile>
    <ClCompile Include="동전 0.cpp">
      <Filter>소스 파일\백준</Filter>
    </ClCompile>
    <ClCompile Include="잃어벌인 괄호.cpp">
      <Filter>소스 파일\백준</Filter>
    </ClCompile>
    <ClCompile Include="주유소.cpp">
      <Filter>소스 파일\백준</Filter>
    </ClCompile>
    <ClCompile Include="회의실 배정.cpp">
      <Filter>소스 파일\백준</Filter>
    </ClCompile>
    <ClCompile Include="체육복.cpp">
      <Filter>소스 파일\프로그래머스</Filter>
    </ClCompile>
    <ClCompile Include="조이스틱.cpp">
      <Filter>소스 파일\프로그래머스</Filter>
    </ClCompile>
    <ClCompile Include="최소대금.cpp">
      <Filter>소스 파일\코드업</Filter>
    </ClCompile>
    <ClCompile Include="리모컨.cpp">
      <Filter>소스 파일\코드업</Filter>
    </ClCompile>
    <ClCompile Include="곱하기 혹은 더하기.cpp">
      <Filter>소스 파일\동빈나</Filter>
    </ClCompile>
    <ClCompile Include="모험가 길드.cpp">
      <Filter>소스 파일\동빈나</Filter>
    </ClCompile>
    <ClCompile Include="큰 수 만들기.cpp">
      <Filter>소스 파일\프로그래머스</Filter>
    </ClCompile>
    <ClCompile Include="구명보트.cpp">
      <Filter>소스 파일\프로그래머스</Filter>
    </ClCompile>
    <ClCompile Include="설탕 배달.cpp">
      <Filter>소스 파일\백준</Filter>
    </ClCompile>
    <ClCompile Include="거스름돈.cpp">
      <Filter>소스 파일\백준</Filter>
    </ClCompile>
    <ClCompile Include="섬 연결하기.cpp">
      <Filter>소스 파일\프로그래머스</Filter>
    </ClCompile>
    <ClCompile Include="단속카메라.cpp">
      <Filter>소스 파일\프로그래머스</Filter>
    </ClCompile>
    <ClCompile Include="로프.cpp">
      <Filter>소스 파일\백준</Filter>
    </ClCompile>
    <ClCompile Include="전자레인지.cpp">
      <Filter>소스 파일\백준</Filter>
    </ClCompile>
  </ItemGroup>
  <ItemGroup>
    <Image Include="조이스틱.jpg">
      <Filter>소스 파일\프로그래머스</Filter>
    </Image>
  </ItemGroup>
</Project>